
Microsoft Visual Studio Solution File, Format Version 12.00
# Visual Studio Version 17
VisualStudioVersion = 17.2.32602.215
MinimumVisualStudioVersion = 10.0.40219.1
Project("{9A19103F-16F7-4668-BE54-9A1E7A4F7556}") = "LicenseManagementApi", "LicenseManagementApi\LicenseManagementApi.csproj", "{70816D01-9DF8-4293-BDC9-3CE886A5CAE0}"
EndProject
Project("{9A19103F-16F7-4668-BE54-9A1E7A4F7556}") = "UserManagementLambda", "UserManagementLambda\UserManagementLambda.csproj", "{46BC2896-9AE4-4C96-8F86-E5345A22FA56}"
EndProject
Global
	GlobalSection(SolutionConfigurationPlatforms) = preSolution
		Debug|Any CPU = Debug|Any CPU
		Release|Any CPU = Release|Any CPU
	EndGlobalSection
	GlobalSection(ProjectConfigurationPlatforms) = postSolution
		{70816D01-9DF8-4293-BDC9-3CE886A5CAE0}.Debug|Any CPU.ActiveCfg = Debug|Any CPU
		{70816D01-9DF8-4293-BDC9-3CE886A5CAE0}.Debug|Any CPU.Build.0 = Debug|Any CPU
		{70816D01-9DF8-4293-BDC9-3CE886A5CAE0}.Release|Any CPU.ActiveCfg = Release|Any CPU
		{70816D01-9DF8-4293-BDC9-3CE886A5CAE0}.Release|Any CPU.Build.0 = Release|Any CPU
		{46BC2896-9AE4-4C96-8F86-E5345A22FA56}.Debug|Any CPU.ActiveCfg = Debug|Any CPU
		{46BC2896-9AE4-4C96-8F86-E5345A22FA56}.Debug|Any CPU.Build.0 = Debug|Any CPU
		{46BC2896-9AE4-4C96-8F86-E5345A22FA56}.Release|Any CPU.ActiveCfg = Release|Any CPU
		{46BC2896-9AE4-4C96-8F86-E5345A22FA56}.Release|Any CPU.Build.0 = Release|Any CPU
	EndGlobalSection
	GlobalSection(SolutionProperties) = preSolution
		HideSolutionNode = FALSE
	EndGlobalSection
	GlobalSection(ExtensibilityGlobals) = postSolution
		SolutionGuid = {BB896613-4754-446F-8F1A-E3AEABE9B8B6}
	EndGlobalSection
EndGlobal
